
Microsoft Visual Studio Solution File, Format Version 12.00
# Visual Studio Version 17
VisualStudioVersion = 17.0.32112.339
MinimumVisualStudioVersion = 10.0.40219.1
Project("{FAE04EC0-301F-11D3-BF4B-00C04F79EFBC}") = "Ejercicio7_Prog1", "Ejercicio7_Prog1\Ejercicio7_Prog1.csproj", "{512EE30C-79D4-4F49-B19E-04BF92F7E102}"
EndProject
Global
	GlobalSection(SolutionConfigurationPlatforms) = preSolution
		Debug|Any CPU = Debug|Any CPU
		Release|Any CPU = Release|Any CPU
	EndGlobalSection
	GlobalSection(ProjectConfigurationPlatforms) = postSolution
		{512EE30C-79D4-4F49-B19E-04BF92F7E102}.Debug|Any CPU.ActiveCfg = Debug|Any CPU
		{512EE30C-79D4-4F49-B19E-04BF92F7E102}.Debug|Any CPU.Build.0 = Debug|Any CPU
		{512EE30C-79D4-4F49-B19E-04BF92F7E102}.Release|Any CPU.ActiveCfg = Release|Any CPU
		{512EE30C-79D4-4F49-B19E-04BF92F7E102}.Release|Any CPU.Build.0 = Release|Any CPU
	EndGlobalSection
	GlobalSection(SolutionProperties) = preSolution
		HideSolutionNode = FALSE
	EndGlobalSection
	GlobalSection(ExtensibilityGlobals) = postSolution
		SolutionGuid = {72F66957-4307-4816-A54E-6ED96E485AAE}
	EndGlobalSection
EndGlobal
